
Microsoft Visual Studio Solution File, Format Version 12.00
# Visual Studio Version 16
VisualStudioVersion = 16.0.810.1
MinimumVisualStudioVersion = 10.0.40219.1
Project("{FAE04EC0-301F-11D3-BF4B-00C04F79EFBC}") = "Synigo.OneApi.Providers", "Synigo.OneApi.Providers\Synigo.OneApi.Providers.csproj", "{51A215BE-5027-4BD9-B96B-F9A675B78BFA}"
EndProject
Project("{FAE04EC0-301F-11D3-BF4B-00C04F79EFBC}") = "Synigo.OneApi.Common", "Synigo.OneApi.Common\Synigo.OneApi.Common.csproj", "{2DAA7E70-1739-46F5-8CC1-3420DBBAFE4A}"
EndProject
Project("{FAE04EC0-301F-11D3-BF4B-00C04F79EFBC}") = "Synigo.OneApi.Functions", "Synigo.OneApi.Functions\Synigo.OneApi.Functions.csproj", "{135BA909-E106-4725-B1DE-EF0C23027771}"
EndProject
Project("{FAE04EC0-301F-11D3-BF4B-00C04F79EFBC}") = "Synigo.OneApi.Interfaces", "Synigo.OneApi.Interfaces\Synigo.OneApi.Interfaces.csproj", "{F9C615FE-ACAA-4EDF-AA9E-5982E1E929D7}"
EndProject
Project("{FAE04EC0-301F-11D3-BF4B-00C04F79EFBC}") = "Synigo.OneApi.Model", "Synigo.OneApi.Model\Synigo.OneApi.Model.csproj", "{605CA9F4-6F6A-475C-BBB3-FA590B4306D0}"
EndProject
Project("{FAE04EC0-301F-11D3-BF4B-00C04F79EFBC}") = "Synigo.OneApi.Core", "Synigo.OneAPi.Core\Synigo.OneApi.Core.csproj", "{CF77F7CD-DBB8-4B48-ACCC-BDD8D15671FD}"
EndProject
Project("{FAE04EC0-301F-11D3-BF4B-00C04F79EFBC}") = "Synigo.OneApi.Test", "Synigo.OneApi.Test\Synigo.OneApi.Test.csproj", "{FFB495DA-F921-483F-829A-6FC3BDCEBC94}"
EndProject
Project("{FAE04EC0-301F-11D3-BF4B-00C04F79EFBC}") = "Synigo.OneApi.Core.WebApi", "Synigo.OneApi.Core.WebApi\Synigo.OneApi.Core.WebApi.csproj", "{3736B384-5E91-4733-B93E-9F70D0BE186E}"
EndProject
Project("{FAE04EC0-301F-11D3-BF4B-00C04F79EFBC}") = "Synigo.OneApi.Core.Functions", "Synigo.OneApi.Core.Functions\Synigo.OneApi.Core.Functions.csproj", "{C96FB5E0-1586-44E4-8D1F-A8E44762693A}"
EndProject
Project("{FAE04EC0-301F-11D3-BF4B-00C04F79EFBC}") = "Synigo.OneApi.WebApi", "Synigo.OneApi.WebApi\Synigo.OneApi.WebApi.csproj", "{BB6DF443-6E46-4DC6-83A4-F8E13815AC31}"
EndProject
Project("{2150E333-8FDC-42A3-9474-1A3956D46DE8}") = "Api", "Api", "{297E8046-AC7E-4501-A1F5-0508C6C12333}"
EndProject
Project("{2150E333-8FDC-42A3-9474-1A3956D46DE8}") = "Test", "Test", "{DBC932AC-55C0-4147-84B6-EC26F38C10E1}"
EndProject
Project("{2150E333-8FDC-42A3-9474-1A3956D46DE8}") = "Solution Items", "Solution Items", "{E5EF6C0A-D989-44C4-8551-D254479CF65B}"
EndProject
Project("{2150E333-8FDC-42A3-9474-1A3956D46DE8}") = "Core", "Core", "{6A8DA0AA-2FC7-4CC4-836D-8E0E6F85C698}"
EndProject
Project("{2150E333-8FDC-42A3-9474-1A3956D46DE8}") = "KnownModels", "KnownModels", "{C9F380B7-1DDE-4C9A-968A-CACAA3C3ED43}"
EndProject
Project("{FAE04EC0-301F-11D3-BF4B-00C04F79EFBC}") = "Synigo.OpenEducationApi", "Synigo.OpenEducationApi\Synigo.OpenEducationApi.csproj", "{8E01D640-1106-4047-ACE2-DD8257BFDFED}"
EndProject
Global
	GlobalSection(SolutionConfigurationPlatforms) = preSolution
		Debug|Any CPU = Debug|Any CPU
		Release|Any CPU = Release|Any CPU
	EndGlobalSection
	GlobalSection(ProjectConfigurationPlatforms) = postSolution
		{51A215BE-5027-4BD9-B96B-F9A675B78BFA}.Debug|Any CPU.ActiveCfg = Debug|Any CPU
		{51A215BE-5027-4BD9-B96B-F9A675B78BFA}.Debug|Any CPU.Build.0 = Debug|Any CPU
		{51A215BE-5027-4BD9-B96B-F9A675B78BFA}.Release|Any CPU.ActiveCfg = Release|Any CPU
		{51A215BE-5027-4BD9-B96B-F9A675B78BFA}.Release|Any CPU.Build.0 = Release|Any CPU
		{2DAA7E70-1739-46F5-8CC1-3420DBBAFE4A}.Debug|Any CPU.ActiveCfg = Debug|Any CPU
		{2DAA7E70-1739-46F5-8CC1-3420DBBAFE4A}.Debug|Any CPU.Build.0 = Debug|Any CPU
		{2DAA7E70-1739-46F5-8CC1-3420DBBAFE4A}.Release|Any CPU.ActiveCfg = Release|Any CPU
		{2DAA7E70-1739-46F5-8CC1-3420DBBAFE4A}.Release|Any CPU.Build.0 = Release|Any CPU
		{135BA909-E106-4725-B1DE-EF0C23027771}.Debug|Any CPU.ActiveCfg = Debug|Any CPU
		{135BA909-E106-4725-B1DE-EF0C23027771}.Debug|Any CPU.Build.0 = Debug|Any CPU
		{135BA909-E106-4725-B1DE-EF0C23027771}.Release|Any CPU.ActiveCfg = Release|Any CPU
		{135BA909-E106-4725-B1DE-EF0C23027771}.Release|Any CPU.Build.0 = Release|Any CPU
		{F9C615FE-ACAA-4EDF-AA9E-5982E1E929D7}.Debug|Any CPU.ActiveCfg = Debug|Any CPU
		{F9C615FE-ACAA-4EDF-AA9E-5982E1E929D7}.Debug|Any CPU.Build.0 = Debug|Any CPU
		{F9C615FE-ACAA-4EDF-AA9E-5982E1E929D7}.Release|Any CPU.ActiveCfg = Release|Any CPU
		{F9C615FE-ACAA-4EDF-AA9E-5982E1E929D7}.Release|Any CPU.Build.0 = Release|Any CPU
		{605CA9F4-6F6A-475C-BBB3-FA590B4306D0}.Debug|Any CPU.ActiveCfg = Debug|Any CPU
		{605CA9F4-6F6A-475C-BBB3-FA590B4306D0}.Debug|Any CPU.Build.0 = Debug|Any CPU
		{605CA9F4-6F6A-475C-BBB3-FA590B4306D0}.Release|Any CPU.ActiveCfg = Release|Any CPU
		{605CA9F4-6F6A-475C-BBB3-FA590B4306D0}.Release|Any CPU.Build.0 = Release|Any CPU
		{CF77F7CD-DBB8-4B48-ACCC-BDD8D15671FD}.Debug|Any CPU.ActiveCfg = Debug|Any CPU
		{CF77F7CD-DBB8-4B48-ACCC-BDD8D15671FD}.Debug|Any CPU.Build.0 = Debug|Any CPU
		{CF77F7CD-DBB8-4B48-ACCC-BDD8D15671FD}.Release|Any CPU.ActiveCfg = Release|Any CPU
		{CF77F7CD-DBB8-4B48-ACCC-BDD8D15671FD}.Release|Any CPU.Build.0 = Release|Any CPU
		{FFB495DA-F921-483F-829A-6FC3BDCEBC94}.Debug|Any CPU.ActiveCfg = Debug|Any CPU
		{FFB495DA-F921-483F-829A-6FC3BDCEBC94}.Debug|Any CPU.Build.0 = Debug|Any CPU
		{FFB495DA-F921-483F-829A-6FC3BDCEBC94}.Release|Any CPU.ActiveCfg = Release|Any CPU
		{FFB495DA-F921-483F-829A-6FC3BDCEBC94}.Release|Any CPU.Build.0 = Release|Any CPU
		{3736B384-5E91-4733-B93E-9F70D0BE186E}.Debug|Any CPU.ActiveCfg = Debug|Any CPU
		{3736B384-5E91-4733-B93E-9F70D0BE186E}.Debug|Any CPU.Build.0 = Debug|Any CPU
		{3736B384-5E91-4733-B93E-9F70D0BE186E}.Release|Any CPU.ActiveCfg = Release|Any CPU
		{3736B384-5E91-4733-B93E-9F70D0BE186E}.Release|Any CPU.Build.0 = Release|Any CPU
		{C96FB5E0-1586-44E4-8D1F-A8E44762693A}.Debug|Any CPU.ActiveCfg = Debug|Any CPU
		{C96FB5E0-1586-44E4-8D1F-A8E44762693A}.Debug|Any CPU.Build.0 = Debug|Any CPU
		{C96FB5E0-1586-44E4-8D1F-A8E44762693A}.Release|Any CPU.ActiveCfg = Release|Any CPU
		{C96FB5E0-1586-44E4-8D1F-A8E44762693A}.Release|Any CPU.Build.0 = Release|Any CPU
		{BB6DF443-6E46-4DC6-83A4-F8E13815AC31}.Debug|Any CPU.ActiveCfg = Debug|Any CPU
		{BB6DF443-6E46-4DC6-83A4-F8E13815AC31}.Debug|Any CPU.Build.0 = Debug|Any CPU
		{BB6DF443-6E46-4DC6-83A4-F8E13815AC31}.Release|Any CPU.ActiveCfg = Release|Any CPU
		{BB6DF443-6E46-4DC6-83A4-F8E13815AC31}.Release|Any CPU.Build.0 = Release|Any CPU
		{8E01D640-1106-4047-ACE2-DD8257BFDFED}.Debug|Any CPU.ActiveCfg = Debug|Any CPU
		{8E01D640-1106-4047-ACE2-DD8257BFDFED}.Debug|Any CPU.Build.0 = Debug|Any CPU
		{8E01D640-1106-4047-ACE2-DD8257BFDFED}.Release|Any CPU.ActiveCfg = Release|Any CPU
		{8E01D640-1106-4047-ACE2-DD8257BFDFED}.Release|Any CPU.Build.0 = Release|Any CPU
	EndGlobalSection
	GlobalSection(SolutionProperties) = preSolution
		HideSolutionNode = FALSE
	EndGlobalSection
	GlobalSection(ExtensibilityGlobals) = postSolution
		SolutionGuid = {913DD3C5-38B0-4844-B8AD-E3193D55D048}
	EndGlobalSection
	GlobalSection(MonoDevelopProperties) = preSolution
		version = 1.0.6.1
	EndGlobalSection
	GlobalSection(NestedProjects) = preSolution
		{3736B384-5E91-4733-B93E-9F70D0BE186E} = {6A8DA0AA-2FC7-4CC4-836D-8E0E6F85C698}
		{135BA909-E106-4725-B1DE-EF0C23027771} = {297E8046-AC7E-4501-A1F5-0508C6C12333}
		{FFB495DA-F921-483F-829A-6FC3BDCEBC94} = {DBC932AC-55C0-4147-84B6-EC26F38C10E1}
		{2DAA7E70-1739-46F5-8CC1-3420DBBAFE4A} = {6A8DA0AA-2FC7-4CC4-836D-8E0E6F85C698}
		{CF77F7CD-DBB8-4B48-ACCC-BDD8D15671FD} = {6A8DA0AA-2FC7-4CC4-836D-8E0E6F85C698}
		{C96FB5E0-1586-44E4-8D1F-A8E44762693A} = {6A8DA0AA-2FC7-4CC4-836D-8E0E6F85C698}
		{F9C615FE-ACAA-4EDF-AA9E-5982E1E929D7} = {6A8DA0AA-2FC7-4CC4-836D-8E0E6F85C698}
		{605CA9F4-6F6A-475C-BBB3-FA590B4306D0} = {6A8DA0AA-2FC7-4CC4-836D-8E0E6F85C698}
		{51A215BE-5027-4BD9-B96B-F9A675B78BFA} = {6A8DA0AA-2FC7-4CC4-836D-8E0E6F85C698}
		{BB6DF443-6E46-4DC6-83A4-F8E13815AC31} = {297E8046-AC7E-4501-A1F5-0508C6C12333}
		{8E01D640-1106-4047-ACE2-DD8257BFDFED} = {C9F380B7-1DDE-4C9A-968A-CACAA3C3ED43}
	EndGlobalSection
EndGlobal
